{
  "requires": true,
  "lockfileVersion": 1,
  "dependencies": {
    "blueimp-gallery": {
      "version": "3.3.0",
      "resolved": "https://registry.npmjs.org/blueimp-gallery/-/blueimp-gallery-3.3.0.tgz",
      "integrity": "sha512-oUL10yoUGM9KZ8mP255/A/rp+w88TdiiS4KPbaUbOavlJdq8g/6ojZ5OPMRT8fsr1WHazJw5GCfU/i1p3ajq0g=="
    }
  }
}
